# This file is autogenerated, do not edit; changes may be undone by the next 'dep ensure'.


[[projects]]
  digest = "1:e2705222638e42bb756342b0fbd9fbeaed697c05e34c87a0c5801da6c4df1691"
  name = "github.com/Azure/azure-amqp-common-go"
  packages = [
    ".",
    "auth",
    "cbs",
    "conn",
    "internal",
    "internal/tracing",
    "log",
    "rpc",
    "sas",
    "uuid",
  ]
  pruneopts = "UT"
  revision = "e05d7e9b03e1fd3a074d0f0b819bad445e3a0a69"
  version = "v0.6.0"

[[projects]]
  digest = "1:577504a48ecaed69b6891e8fbdd154ec2cf99225fbcc385c03b5307059d7f7e8"
  name = "github.com/Azure/azure-sdk-for-go"
  packages = [
    "services/servicebus/mgmt/2017-04-01/servicebus",
    "version",
  ]
  pruneopts = "UT"
  revision = "fad8443a79b0e755c18c3bec29a8d2bedab0b421"
  version = "v15.3.0"

[[projects]]
  digest = "1:4f6785b62078f72066cbdaa75553287ca563a5a5b7ee396193ac4d10a1e83dca"
  name = "github.com/Azure/azure-service-bus-go"
  packages = [
    ".",
    "atom",
  ]
  pruneopts = "UT"
  revision = "88613d3356e8ce24659eb44cc5bd6a34e250703a"
  version = "v0.1.0"

[[projects]]
  digest = "1:61d8ba12db8ce8281d05b4de74343f407b43c4fe468dfae874621e0445b09055"
  name = "github.com/Azure/go-autorest"
  packages = [
    "autorest",
    "autorest/adal",
    "autorest/azure",
    "autorest/date",
    "autorest/to",
    "autorest/validation",
    "logger",
    "version",
  ]
  pruneopts = "UT"
  revision = "9bc4033dd347c7f416fca46b2f42a043dc1fbdf6"
  version = "v10.15.5"

[[projects]]
  digest = "1:76dc72490af7174349349838f2fe118996381b31ea83243812a97e5a0fd5ed55"
  name = "github.com/dgrijalva/jwt-go"
  packages = ["."]
  pruneopts = "UT"
  revision = "06ea1031745cb8b3dab3f6a236daf2b0aa468b7e"
  version = "v3.2.0"

[[projects]]
  digest = "1:184008c955d6a3226b700c13ed0e875a7a051a759618f9bccba9b5c99f17faa5"
  name = "github.com/eclipse/paho.mqtt.golang"
  packages = [
    ".",
    "packets",
  ]
  pruneopts = "UT"
  revision = "36d01c2b4cbeb3d2a12063e4880ce30800af9560"
  version = "v1.1.1"

[[projects]]
  digest = "1:c79fb010be38a59d657c48c6ba1d003a8aa651fa56b579d959d74573b7dff8e1"
  name = "github.com/gorilla/context"
  packages = ["."]
  pruneopts = "UT"
  revision = "08b5f424b9271eedf6f9f0ce86cb9396ed337a42"
  version = "v1.1.1"

[[projects]]
  digest = "1:e73f5b0152105f18bc131fba127d9949305c8693f8a762588a82a48f61756f5f"
  name = "github.com/gorilla/mux"
  packages = ["."]
  pruneopts = "UT"
  revision = "e3702bed27f0d39777b0b37b664b6280e8ef8fbf"
  version = "v1.6.2"

[[projects]]
  branch = "master"
  digest = "1:50708c8fc92aec981df5c446581cf9f90ba9e2a5692118e0ce75d4534aaa14a2"
  name = "github.com/influxdata/influxdb1-client"
  packages = [
    "models",
    "pkg/escape",
    "v2",
  ]
  pruneopts = "UT"
  revision = "fc22c7df067eefd070157f157893fbce961d6359"

[[projects]]
  digest = "1:ecd9aa82687cf31d1585d4ac61d0ba180e42e8a6182b85bd785fcca8dfeefc1b"
  name = "github.com/joho/godotenv"
  packages = ["."]
  pruneopts = "UT"
  revision = "23d116af351c84513e1946b527c88823e476be13"
  version = "v1.3.0"

[[projects]]
  digest = "1:53bc4cd4914cd7cd52139990d5170d6dc99067ae31c56530621b18b35fc30318"
  name = "github.com/mitchellh/mapstructure"
  packages = ["."]
  pruneopts = "UT"
  revision = "3536a929edddb9a5b34bd6861dc4a9647cb459fe"
  version = "v1.1.2"

[[projects]]
  digest = "1:450b7623b185031f3a456801155c8320209f75d0d4c4e633c6b1e59d44d6e392"
  name = "github.com/opentracing/opentracing-go"
  packages = [
    ".",
    "ext",
    "log",
  ]
  pruneopts = "UT"
  revision = "1949ddbfd147afd4d964a9f00b24eb291e0e7c38"
  version = "v1.0.2"

[[projects]]
  digest = "1:40e195917a951a8bf867cd05de2a46aaf1806c50cf92eebf4c16f78cd196f747"
  name = "github.com/pkg/errors"
  packages = ["."]
  pruneopts = "UT"
  revision = "645ef00459ed84a119197bfb8d8205042c6df63d"
  version = "v0.8.0"

[[projects]]
  branch = "master"
  digest = "1:a0af40974e6934f373b37ecea5c0d07c7a5f7c1f6284c0009589a7637c8c37b3"
  name = "golang.org/x/net"
  packages = [
    "context",
    "internal/socks",
    "proxy",
    "websocket",
  ]
  pruneopts = "UT"
  revision = "03003ca0c849e57b6ea29a4bab8d3cb6e4d568fe"

[[projects]]
  digest = "1:dbe168d18d4c5b1e9172020275a297340579ce4b05cbaacb41ae6f3e3007a913"
  name = "pack.ag/amqp"
  packages = [
    ".",
    "internal/testconn",
  ]
  pruneopts = "UT"
  revision = "5dba116cc9e06d56dbd69570b1c4048b06e71b6f"
  version = "v0.6.3"

[solve-meta]
  analyzer-name = "dep"
  analyzer-version = 1
  input-imports = [
    "github.com/Azure/azure-service-bus-go",
    "github.com/eclipse/paho.mqtt.golang",
    "github.com/gorilla/mux",
    "github.com/influxdata/influxdb1-client/v2",
    "github.com/joho/godotenv",
    "pack.ag/amqp",
  ]
  solver-name = "gps-cdcl"
  solver-version = 1
